// !$*UTF8*$!
{
	archiveVersion = 1;
	classes = {
	};
	objectVersion = 55;
	objects = {

/* Begin PBXBuildFile section */
		6C40A01527FB001300FD7C33 /* ImageSaver.swift in Sources */ = {isa = PBXBuildFile; fileRef = 6C40A01427FB001300FD7C33 /* ImageSaver.swift */; };
		6C6D72D027F435E60018CBE0 /* EnvironmentObjects.swift in Sources */ = {isa = PBXBuildFile; fileRef = 6C6D72CF27F435E60018CBE0 /* EnvironmentObjects.swift */; };
		6C6D72D227F43C0E0018CBE0 /* TabViews.swift in Sources */ = {isa = PBXBuildFile; fileRef = 6C6D72D127F43C0E0018CBE0 /* TabViews.swift */; };
		6C6D72D627F459890018CBE0 /* ManuallyPublishing.swift in Sources */ = {isa = PBXBuildFile; fileRef = 6C6D72D527F459890018CBE0 /* ManuallyPublishing.swift */; };
		6C6D72D827F46FA30018CBE0 /* SwiftResult.swift in Sources */ = {isa = PBXBuildFile; fileRef = 6C6D72D727F46FA30018CBE0 /* SwiftResult.swift */; };
		6C6D72DA27F477730018CBE0 /* ImageInterpolation.swift in Sources */ = {isa = PBXBuildFile; fileRef = 6C6D72D927F477730018CBE0 /* ImageInterpolation.swift */; };
		6C6D72DC27F480510018CBE0 /* ContextMenus.swift in Sources */ = {isa = PBXBuildFile; fileRef = 6C6D72DB27F480510018CBE0 /* ContextMenus.swift */; };
		6C6D72DE27F4834F0018CBE0 /* SwipeActionsModifier.swift in Sources */ = {isa = PBXBuildFile; fileRef = 6C6D72DD27F4834F0018CBE0 /* SwipeActionsModifier.swift */; };
		6C6D72E027F4897A0018CBE0 /* LocalNotifs.swift in Sources */ = {isa = PBXBuildFile; fileRef = 6C6D72DF27F4897A0018CBE0 /* LocalNotifs.swift */; };
		6C6D72E227F48E170018CBE0 /* Dependencies.swift in Sources */ = {isa = PBXBuildFile; fileRef = 6C6D72E127F48E170018CBE0 /* Dependencies.swift */; };
		6C6D72E527F490640018CBE0 /* SamplePackage in Frameworks */ = {isa = PBXBuildFile; productRef = 6C6D72E427F490640018CBE0 /* SamplePackage */; };
		6C6D72E727F4989A0018CBE0 /* ProspectsView.swift in Sources */ = {isa = PBXBuildFile; fileRef = 6C6D72E627F4989A0018CBE0 /* ProspectsView.swift */; };
		6C6D72E927F498A30018CBE0 /* MeView.swift in Sources */ = {isa = PBXBuildFile; fileRef = 6C6D72E827F498A30018CBE0 /* MeView.swift */; };
		6C6D72EB27F4A22A0018CBE0 /* Prospect.swift in Sources */ = {isa = PBXBuildFile; fileRef = 6C6D72EA27F4A22A0018CBE0 /* Prospect.swift */; };
		6C80263D27FA1BB700E97399 /* CodeScanner in Frameworks */ = {isa = PBXBuildFile; productRef = 6C80263C27FA1BB700E97399 /* CodeScanner */; };
		6C805F4327F34BC2003E0742 /* HotProspectsApp.swift in Sources */ = {isa = PBXBuildFile; fileRef = 6C805F4227F34BC2003E0742 /* HotProspectsApp.swift */; };
		6C805F4527F34BC2003E0742 /* ContentView.swift in Sources */ = {isa = PBXBuildFile; fileRef = 6C805F4427F34BC2003E0742 /* ContentView.swift */; };
		6C805F4727F34BC3003E0742 /* Assets.xcassets in Resources */ = {isa = PBXBuildFile; fileRef = 6C805F4627F34BC3003E0742 /* Assets.xcassets */; };
		6C805F4A27F34BC3003E0742 /* Preview Assets.xcassets in Resources */ = {isa = PBXBuildFile; fileRef = 6C805F4927F34BC3003E0742 /* Preview Assets.xcassets */; };
/* End PBXBuildFile section */

/* Begin PBXFileReference section */
		6C40A01427FB001300FD7C33 /* ImageSaver.swift */ = {isa = PBXFileReference; fileEncoding = 4; lastKnownFileType = sourcecode.swift; path = ImageSaver.swift; sourceTree = "<group>"; };
		6C6D72CF27F435E60018CBE0 /* EnvironmentObjects.swift */ = {isa = PBXFileReference; lastKnownFileType = sourcecode.swift; path = EnvironmentObjects.swift; sourceTree = "<group>"; };
		6C6D72D127F43C0E0018CBE0 /* TabViews.swift */ = {isa = PBXFileReference; lastKnownFileType = sourcecode.swift; path = TabViews.swift; sourceTree = "<group>"; };
		6C6D72D527F459890018CBE0 /* ManuallyPublishing.swift */ = {isa = PBXFileReference; lastKnownFileType = sourcecode.swift; path = ManuallyPublishing.swift; sourceTree = "<group>"; };
		6C6D72D727F46FA30018CBE0 /* SwiftResult.swift */ = {isa = PBXFileReference; lastKnownFileType = sourcecode.swift; path = SwiftResult.swift; sourceTree = "<group>"; };
		6C6D72D927F477730018CBE0 /* ImageInterpolation.swift */ = {isa = PBXFileReference; lastKnownFileType = sourcecode.swift; path = ImageInterpolation.swift; sourceTree = "<group>"; };
		6C6D72DB27F480510018CBE0 /* ContextMenus.swift */ = {isa = PBXFileReference; lastKnownFileType = sourcecode.swift; path = ContextMenus.swift; sourceTree = "<group>"; };
		6C6D72DD27F4834F0018CBE0 /* SwipeActionsModifier.swift */ = {isa = PBXFileReference; lastKnownFileType = sourcecode.swift; path = SwipeActionsModifier.swift; sourceTree = "<group>"; };
		6C6D72DF27F4897A0018CBE0 /* LocalNotifs.swift */ = {isa = PBXFileReference; lastKnownFileType = sourcecode.swift; path = LocalNotifs.swift; sourceTree = "<group>"; };
		6C6D72E127F48E170018CBE0 /* Dependencies.swift */ = {isa = PBXFileReference; lastKnownFileType = sourcecode.swift; path = Dependencies.swift; sourceTree = "<group>"; };
		6C6D72E627F4989A0018CBE0 /* ProspectsView.swift */ = {isa = PBXFileReference; lastKnownFileType = sourcecode.swift; path = ProspectsView.swift; sourceTree = "<group>"; };
		6C6D72E827F498A30018CBE0 /* MeView.swift */ = {isa = PBXFileReference; lastKnownFileType = sourcecode.swift; path = MeView.swift; sourceTree = "<group>"; };
		6C6D72EA27F4A22A0018CBE0 /* Prospect.swift */ = {isa = PBXFileReference; lastKnownFileType = sourcecode.swift; path = Prospect.swift; sourceTree = "<group>"; };
		6C805F3F27F34BC2003E0742 /* HotProspects.app */ = {isa = PBXFileReference; explicitFileType = wrapper.application; includeInIndex = 0; path = HotProspects.app; sourceTree = BUILT_PRODUCTS_DIR; };
		6C805F4227F34BC2003E0742 /* HotProspectsApp.swift */ = {isa = PBXFileReference; lastKnownFileType = sourcecode.swift; path = HotProspectsApp.swift; sourceTree = "<group>"; };
		6C805F4427F34BC2003E0742 /* ContentView.swift */ = {isa = PBXFileReference; lastKnownFileType = sourcecode.swift; path = ContentView.swift; sourceTree = "<group>"; };
		6C805F4627F34BC3003E0742 /* Assets.xcassets */ = {isa = PBXFileReference; lastKnownFileType = folder.assetcatalog; path = Assets.xcassets; sourceTree = "<group>"; };
		6C805F4927F34BC3003E0742 /* Preview Assets.xcassets */ = {isa = PBXFileReference; lastKnownFileType = folder.assetcatalog; path = "Preview Assets.xcassets"; sourceTree = "<group>"; };
/* End PBXFileReference section */

/* Begin PBXFrameworksBuildPhase section */
		6C805F3C27F34BC2003E0742 /* Frameworks */ = {
			isa = PBXFrameworksBuildPhase;
			buildActionMask = 2147483647;
			files = (
				6C80263D27FA1BB700E97399 /* CodeScanner in Frameworks */,
				6C6D72E527F490640018CBE0 /* SamplePackage in Frameworks */,
			);
			runOnlyForDeploymentPostprocessing = 0;
		};
/* End PBXFrameworksBuildPhase section */

/* Begin PBXGroup section */
		6C805F3627F34BC2003E0742 = {
			isa = PBXGroup;
			children = (
				6C805F4127F34BC2003E0742 /* HotProspects */,
				6C805F4027F34BC2003E0742 /* Products */,
			);
			sourceTree = "<group>";
		};
		6C805F4027F34BC2003E0742 /* Products */ = {
			isa = PBXGroup;
			children = (
				6C805F3F27F34BC2003E0742 /* HotProspects.app */,
			);
			name = Products;
			sourceTree = "<group>";
		};
		6C805F4127F34BC2003E0742 /* HotProspects */ = {
			isa = PBXGroup;
			children = (
				6C805F4227F34BC2003E0742 /* HotProspectsApp.swift */,
				6C805F4427F34BC2003E0742 /* ContentView.swift */,
				6C6D72E627F4989A0018CBE0 /* ProspectsView.swift */,
				6C6D72E827F498A30018CBE0 /* MeView.swift */,
				6C6D72EA27F4A22A0018CBE0 /* Prospect.swift */,
				6C40A01427FB001300FD7C33 /* ImageSaver.swift */,
				6C805F5027F34BD8003E0742 /* Learning */,
				6C805F4627F34BC3003E0742 /* Assets.xcassets */,
				6C805F4827F34BC3003E0742 /* Preview Content */,
			);
			path = HotProspects;
			sourceTree = "<group>";
		};
		6C805F4827F34BC3003E0742 /* Preview Content */ = {
			isa = PBXGroup;
			children = (
				6C805F4927F34BC3003E0742 /* Preview Assets.xcassets */,
			);
			path = "Preview Content";
			sourceTree = "<group>";
		};
		6C805F5027F34BD8003E0742 /* Learning */ = {
			isa = PBXGroup;
			children = (
				6C6D72CF27F435E60018CBE0 /* EnvironmentObjects.swift */,
				6C6D72D127F43C0E0018CBE0 /* TabViews.swift */,
				6C6D72D527F459890018CBE0 /* ManuallyPublishing.swift */,
				6C6D72D727F46FA30018CBE0 /* SwiftResult.swift */,
				6C6D72D927F477730018CBE0 /* ImageInterpolation.swift */,
				6C6D72DB27F480510018CBE0 /* ContextMenus.swift */,
				6C6D72DD27F4834F0018CBE0 /* SwipeActionsModifier.swift */,
				6C6D72DF27F4897A0018CBE0 /* LocalNotifs.swift */,
				6C6D72E127F48E170018CBE0 /* Dependencies.swift */,
			);
			path = Learning;
			sourceTree = "<group>";
		};
/* End PBXGroup section */

/* Begin PBXNativeTarget section */
		6C805F3E27F34BC2003E0742 /* HotProspects */ = {
			isa = PBXNativeTarget;
			buildConfigurationList = 6C805F4D27F34BC3003E0742 /* Build configuration list for PBXNativeTarget "HotProspects" */;
			buildPhases = (
				6C805F3B27F34BC2003E0742 /* Sources */,
				6C805F3C27F34BC2003E0742 /* Frameworks */,
				6C805F3D27F34BC2003E0742 /* Resources */,
			);
			buildRules = (
			);
			dependencies = (
			);
			name = HotProspects;
			packageProductDependencies = (
				6C6D72E427F490640018CBE0 /* SamplePackage */,
				6C80263C27FA1BB700E97399 /* CodeScanner */,
			);
			productName = HotProspects;
			productReference = 6C805F3F27F34BC2003E0742 /* HotProspects.app */;
			productType = "com.apple.product-type.application";
		};
/* End PBXNativeTarget section */

/* Begin PBXProject section */
		6C805F3727F34BC2003E0742 /* Project object */ = {
			isa = PBXProject;
			attributes = {
				BuildIndependentTargetsInParallel = 1;
				LastSwiftUpdateCheck = 1330;
				LastUpgradeCheck = 1330;
				TargetAttributes = {
					6C805F3E27F34BC2003E0742 = {
						CreatedOnToolsVersion = 13.3;
					};
				};
			};
			buildConfigurationList = 6C805F3A27F34BC2003E0742 /* Build configuration list for PBXProject "HotProspects" */;
			compatibilityVersion = "Xcode 13.0";
			developmentRegion = en;
			hasScannedForEncodings = 0;
			knownRegions = (
				en,
				Base,
			);
			mainGroup = 6C805F3627F34BC2003E0742;
			packageReferences = (
				6C6D72E327F490640018CBE0 /* XCRemoteSwiftPackageReference "SamplePackage" */,
				6C80263B27FA1BB700E97399 /* XCRemoteSwiftPackageReference "CodeScanner" */,
			);
			productRefGroup = 6C805F4027F34BC2003E0742 /* Products */;
			projectDirPath = "";
			projectRoot = "";
			targets = (
				6C805F3E27F34BC2003E0742 /* HotProspects */,
			);
		};
/* End PBXProject section */

/* Begin PBXResourcesBuildPhase section */
		6C805F3D27F34BC2003E0742 /* Resources */ = {
			isa = PBXResourcesBuildPhase;
			buildActionMask = 2147483647;
			files = (
				6C805F4A27F34BC3003E0742 /* Preview Assets.xcassets in Resources */,
				6C805F4727F34BC3003E0742 /* Assets.xcassets in Resources */,
			);
			runOnlyForDeploymentPostprocessing = 0;
		};
/* End PBXResourcesBuildPhase section */

/* Begin PBXSourcesBuildPhase section */
		6C805F3B27F34BC2003E0742 /* Sources */ = {
			isa = PBXSourcesBuildPhase;
			buildActionMask = 2147483647;
			files = (
				6C6D72E727F4989A0018CBE0 /* ProspectsView.swift in Sources */,
				6C6D72D627F459890018CBE0 /* ManuallyPublishing.swift in Sources */,
				6C6D72DE27F4834F0018CBE0 /* SwipeActionsModifier.swift in Sources */,
				6C6D72EB27F4A22A0018CBE0 /* Prospect.swift in Sources */,
				6C6D72E027F4897A0018CBE0 /* LocalNotifs.swift in Sources */,
				6C6D72D027F435E60018CBE0 /* EnvironmentObjects.swift in Sources */,
				6C6D72DC27F480510018CBE0 /* ContextMenus.swift in Sources */,
				6C40A01527FB001300FD7C33 /* ImageSaver.swift in Sources */,
				6C6D72D827F46FA30018CBE0 /* SwiftResult.swift in Sources */,
				6C6D72E227F48E170018CBE0 /* Dependencies.swift in Sources */,
				6C805F4527F34BC2003E0742 /* ContentView.swift in Sources */,
				6C6D72DA27F477730018CBE0 /* ImageInterpolation.swift in Sources */,
				6C6D72D227F43C0E0018CBE0 /* TabViews.swift in Sources */,
				6C805F4327F34BC2003E0742 /* HotProspectsApp.swift in Sources */,
				6C6D72E927F498A30018CBE0 /* MeView.swift in Sources */,
			);
			runOnlyForDeploymentPostprocessing = 0;
		};
/* End PBXSourcesBuildPhase section */

/* Begin XCBuildConfiguration section */
		6C805F4B27F34BC3003E0742 /* Debug */ = {
			isa = XCBuildConfiguration;
			buildSettings = {
				ALWAYS_SEARCH_USER_PATHS = NO;
				CLANG_ANALYZER_NONNULL = YES;
				CLANG_ANALYZER_NUMBER_OBJECT_CONVERSION = YES_AGGRESSIVE;
				CLANG_CXX_LANGUAGE_STANDARD = "gnu++17";
				CLANG_ENABLE_MODULES = YES;
				CLANG_ENABLE_OBJC_ARC = YES;
				CLANG_ENABLE_OBJC_WEAK = YES;
				CLANG_WARN_BLOCK_CAPTURE_AUTORELEASING = YES;
				CLANG_WARN_BOOL_CONVERSION = YES;
				CLANG_WARN_COMMA = YES;
				CLANG_WARN_CONSTANT_CONVERSION = YES;
				CLANG_WARN_DEPRECATED_OBJC_IMPLEMENTATIONS = YES;
				CLANG_WARN_DIRECT_OBJC_ISA_USAGE = YES_ERROR;
				CLANG_WARN_DOCUMENTATION_COMMENTS = YES;
				CLANG_WARN_EMPTY_BODY = YES;
				CLANG_WARN_ENUM_CONVERSION = YES;
				CLANG_WARN_INFINITE_RECURSION = YES;
				CLANG_WARN_INT_CONVERSION = YES;
				CLANG_WARN_NON_LITERAL_NULL_CONVERSION = YES;
				CLANG_WARN_OBJC_IMPLICIT_RETAIN_SELF = YES;
				CLANG_WARN_OBJC_LITERAL_CONVERSION = YES;
				CLANG_WARN_OBJC_ROOT_CLASS = YES_ERROR;
				CLANG_WARN_QUOTED_INCLUDE_IN_FRAMEWORK_HEADER = YES;
				CLANG_WARN_RANGE_LOOP_ANALYSIS = YES;
				CLANG_WARN_STRICT_PROTOTYPES = YES;
				CLANG_WARN_SUSPICIOUS_MOVE = YES;
				CLANG_WARN_UNGUARDED_AVAILABILITY = YES_AGGRESSIVE;
				CLANG_WARN_UNREACHABLE_CODE = YES;
				CLANG_WARN__DUPLICATE_METHOD_MATCH = YES;
				COPY_PHASE_STRIP = NO;
				DEBUG_INFORMATION_FORMAT = dwarf;
				ENABLE_STRICT_OBJC_MSGSEND = YES;
				ENABLE_TESTABILITY = YES;
				GCC_C_LANGUAGE_STANDARD = gnu11;
				GCC_DYNAMIC_NO_PIC = NO;
				GCC_NO_COMMON_BLOCKS = YES;
				GCC_OPTIMIZATION_LEVEL = 0;
				GCC_PREPROCESSOR_DEFINITIONS = (
					"DEBUG=1",
					"$(inherited)",
				);
				GCC_WARN_64_TO_32_BIT_CONVERSION = YES;
				GCC_WARN_ABOUT_RETURN_TYPE = YES_ERROR;
				GCC_WARN_UNDECLARED_SELECTOR = YES;
				GCC_WARN_UNINITIALIZED_AUTOS = YES_AGGRESSIVE;
				GCC_WARN_UNUSED_FUNCTION = YES;
				GCC_WARN_UNUSED_VARIABLE = YES;
				IPHONEOS_DEPLOYMENT_TARGET = 15.4;
				MTL_ENABLE_DEBUG_INFO = INCLUDE_SOURCE;
				MTL_FAST_MATH = YES;
				ONLY_ACTIVE_ARCH = YES;
				SDKROOT = iphoneos;
				SWIFT_ACTIVE_COMPILATION_CONDITIONS = DEBUG;
				SWIFT_OPTIMIZATION_LEVEL = "-Onone";
			};
			name = Debug;
		};
		6C805F4C27F34BC3003E0742 /* Release */ = {
			isa = XCBuildConfiguration;
			buildSettings = {
				ALWAYS_SEARCH_USER_PATHS = NO;
				CLANG_ANALYZER_NONNULL = YES;
				CLANG_ANALYZER_NUMBER_OBJECT_CONVERSION = YES_AGGRESSIVE;
				CLANG_CXX_LANGUAGE_STANDARD = "gnu++17";
				CLANG_ENABLE_MODULES = YES;
				CLANG_ENABLE_OBJC_ARC = YES;
				CLANG_ENABLE_OBJC_WEAK = YES;
				CLANG_WARN_BLOCK_CAPTURE_AUTORELEASING = YES;
				CLANG_WARN_BOOL_CONVERSION = YES;
				CLANG_WARN_COMMA = YES;
				CLANG_WARN_CONSTANT_CONVERSION = YES;
				CLANG_WARN_DEPRECATED_OBJC_IMPLEMENTATIONS = YES;
				CLANG_WARN_DIRECT_OBJC_ISA_USAGE = YES_ERROR;
				CLANG_WARN_DOCUMENTATION_COMMENTS = YES;
				CLANG_WARN_EMPTY_BODY = YES;
				CLANG_WARN_ENUM_CONVERSION = YES;
				CLANG_WARN_INFINITE_RECURSION = YES;
				CLANG_WARN_INT_CONVERSION = YES;
				CLANG_WARN_NON_LITERAL_NULL_CONVERSION = YES;
				CLANG_WARN_OBJC_IMPLICIT_RETAIN_SELF = YES;
				CLANG_WARN_OBJC_LITERAL_CONVERSION = YES;
				CLANG_WARN_OBJC_ROOT_CLASS = YES_ERROR;
				CLANG_WARN_QUOTED_INCLUDE_IN_FRAMEWORK_HEADER = YES;
				CLANG_WARN_RANGE_LOOP_ANALYSIS = YES;
				CLANG_WARN_STRICT_PROTOTYPES = YES;
				CLANG_WARN_SUSPICIOUS_MOVE = YES;
				CLANG_WARN_UNGUARDED_AVAILABILITY = YES_AGGRESSIVE;
				CLANG_WARN_UNREACHABLE_CODE = YES;
				CLANG_WARN__DUPLICATE_METHOD_MATCH = YES;
				COPY_PHASE_STRIP = NO;
				DEBUG_INFORMATION_FORMAT = "dwarf-with-dsym";
				ENABLE_NS_ASSERTIONS = NO;
				ENABLE_STRICT_OBJC_MSGSEND = YES;
				GCC_C_LANGUAGE_STANDARD = gnu11;
				GCC_NO_COMMON_BLOCKS = YES;
				GCC_WARN_64_TO_32_BIT_CONVERSION = YES;
				GCC_WARN_ABOUT_RETURN_TYPE = YES_ERROR;
				GCC_WARN_UNDECLARED_SELECTOR = YES;
				GCC_WARN_UNINITIALIZED_AUTOS = YES_AGGRESSIVE;
				GCC_WARN_UNUSED_FUNCTION = YES;
				GCC_WARN_UNUSED_VARIABLE = YES;
				IPHONEOS_DEPLOYMENT_TARGET = 15.4;
				MTL_ENABLE_DEBUG_INFO = NO;
				MTL_FAST_MATH = YES;
				SDKROOT = iphoneos;
				SWIFT_COMPILATION_MODE = wholemodule;
				SWIFT_OPTIMIZATION_LEVEL = "-O";
				VALIDATE_PRODUCT = YES;
			};
			name = Release;
		};
		6C805F4E27F34BC3003E0742 /* Debug */ = {
			isa = XCBuildConfiguration;
			buildSettings = {
				ASSETCATALOG_COMPILER_APPICON_NAME = AppIcon;
				ASSETCATALOG_COMPILER_GLOBAL_ACCENT_COLOR_NAME = AccentColor;
				CODE_SIGN_STYLE = Automatic;
				CURRENT_PROJECT_VERSION = 1;
				DEVELOPMENT_ASSET_PATHS = "\"HotProspects/Preview Content\"";
				DEVELOPMENT_TEAM = VLQQ96A4XX;
				ENABLE_PREVIEWS = YES;
				GENERATE_INFOPLIST_FILE = YES;
				INFOPLIST_KEY_NSCameraUsageDescription = "We need to scan a code";
				INFOPLIST_KEY_NSPhotoLibraryAddUsageDescription = "We want to save your QRCode";
				INFOPLIST_KEY_UIApplicationSceneManifest_Generation = YES;
				INFOPLIST_KEY_UIApplicationSupportsIndirectInputEvents = YES;
				INFOPLIST_KEY_UILaunchScreen_Generation = YES;
				INFOPLIST_KEY_UISupportedInterfaceOrientations_iPad = "UIInterfaceOrientationPortrait UIInterfaceOrientationPortraitUpsideDown UIInterfaceOrientationLandscapeLeft UIInterfaceOrientationLandscapeRight";
				INFOPLIST_KEY_UISupportedInterfaceOrientations_iPhone = "UIInterfaceOrientationPortrait UIInterfaceOrientationLandscapeLeft UIInterfaceOrientationLandscapeRight";
				LD_RUNPATH_SEARCH_PATHS = (
					"$(inherited)",
					"@executable_path/Frameworks",
				);
				MARKETING_VERSION = 1.0;
				PRODUCT_BUNDLE_IDENTIFIER = com.thi.HotProspects;
				PRODUCT_NAME = "$(TARGET_NAME)";
				SWIFT_EMIT_LOC_STRINGS = YES;
				SWIFT_VERSION = 5.0;
				TARGETED_DEVICE_FAMILY = "1,2";
			};
			name = Debug;
		};
		6C805F4F27F34BC3003E0742 /* Release */ = {
			isa = XCBuildConfiguration;
			buildSettings = {
				ASSETCATALOG_COMPILER_APPICON_NAME = AppIcon;
				ASSETCATALOG_COMPILER_GLOBAL_ACCENT_COLOR_NAME = AccentColor;
				CODE_SIGN_STYLE = Automatic;
				CURRENT_PROJECT_VERSION = 1;
				DEVELOPMENT_ASSET_PATHS = "\"HotProspects/Preview Content\"";
				DEVELOPMENT_TEAM = VLQQ96A4XX;
				ENABLE_PREVIEWS = YES;
				GENERATE_INFOPLIST_FILE = YES;
				INFOPLIST_KEY_NSCameraUsageDescription = "We need to scan a code";
				INFOPLIST_KEY_NSPhotoLibraryAddUsageDescription = "We want to save your QRCode";
				INFOPLIST_KEY_UIApplicationSceneManifest_Generation = YES;
				INFOPLIST_KEY_UIApplicationSupportsIndirectInputEvents = YES;
				INFOPLIST_KEY_UILaunchScreen_Generation = YES;
				INFOPLIST_KEY_UISupportedInterfaceOrientations_iPad = "UIInterfaceOrientationPortrait UIInterfaceOrientationPortraitUpsideDown UIInterfaceOrientationLandscapeLeft UIInterfaceOrientationLandscapeRight";
				INFOPLIST_KEY_UISupportedInterfaceOrientations_iPhone = "UIInterfaceOrientationPortrait UIInterfaceOrientationLandscapeLeft UIInterfaceOrientationLandscapeRight";
				LD_RUNPATH_SEARCH_PATHS = (
					"$(inherited)",
					"@executable_path/Frameworks",
				);
				MARKETING_VERSION = 1.0;
				PRODUCT_BUNDLE_IDENTIFIER = com.thi.HotProspects;
				PRODUCT_NAME = "$(TARGET_NAME)";
				SWIFT_EMIT_LOC_STRINGS = YES;
				SWIFT_VERSION = 5.0;
				TARGETED_DEVICE_FAMILY = "1,2";
			};
			name = Release;
		};
/* End XCBuildConfiguration section */

/* Begin XCConfigurationList section */
		6C805F3A27F34BC2003E0742 /* Build configuration list for PBXProject "HotProspects" */ = {
			isa = XCConfigurationList;
			buildConfigurations = (
				6C805F4B27F34BC3003E0742 /* Debug */,
				6C805F4C27F34BC3003E0742 /* Release */,
			);
			defaultConfigurationIsVisible = 0;
			defaultConfigurationName = Release;
		};
		6C805F4D27F34BC3003E0742 /* Build configuration list for PBXNativeTarget "HotProspects" */ = {
			isa = XCConfigurationList;
			buildConfigurations = (
				6C805F4E27F34BC3003E0742 /* Debug */,
				6C805F4F27F34BC3003E0742 /* Release */,
			);
			defaultConfigurationIsVisible = 0;
			defaultConfigurationName = Release;
		};
/* End XCConfigurationList section */

/* Begin XCRemoteSwiftPackageReference section */
		6C6D72E327F490640018CBE0 /* XCRemoteSwiftPackageReference "SamplePackage" */ = {
			isa = XCRemoteSwiftPackageReference;
			repositoryURL = "https://github.com/twostraws/SamplePackage";
			requirement = {
				kind = upToNextMajorVersion;
				minimumVersion = 1.0.0;
			};
		};
		6C80263B27FA1BB700E97399 /* XCRemoteSwiftPackageReference "CodeScanner" */ = {
			isa = XCRemoteSwiftPackageReference;
			repositoryURL = "https://github.com/twostraws/CodeScanner";
			requirement = {
				kind = upToNextMajorVersion;
				minimumVersion = 2.0.0;
			};
		};
/* End XCRemoteSwiftPackageReference section */

/* Begin XCSwiftPackageProductDependency section */
		6C6D72E427F490640018CBE0 /* SamplePackage */ = {
			isa = XCSwiftPackageProductDependency;
			package = 6C6D72E327F490640018CBE0 /* XCRemoteSwiftPackageReference "SamplePackage" */;
			productName = SamplePackage;
		};
		6C80263C27FA1BB700E97399 /* CodeScanner */ = {
			isa = XCSwiftPackageProductDependency;
			package = 6C80263B27FA1BB700E97399 /* XCRemoteSwiftPackageReference "CodeScanner" */;
			productName = CodeScanner;
		};
/* End XCSwiftPackageProductDependency section */
	};
	rootObject = 6C805F3727F34BC2003E0742 /* Project object */;
}
